// !$*UTF8*$!
{
	archiveVersion = 1;
	classes = {
	};
	objectVersion = 55;
	objects = {

/* Begin PBXBuildFile section */
		C75EBA2B27F3750E00099A18 /* VideoPlayerDemoApp.swift in Sources */ = {isa = PBXBuildFile; fileRef = C75EBA2A27F3750E00099A18 /* VideoPlayerDemoApp.swift */; };
		C75EBA2D27F3750E00099A18 /* ContentView.swift in Sources */ = {isa = PBXBuildFile; fileRef = C75EBA2C27F3750E00099A18 /* ContentView.swift */; };
		C75EBA2F27F3751200099A18 /* Assets.xcassets in Resources */ = {isa = PBXBuildFile; fileRef = C75EBA2E27F3751100099A18 /* Assets.xcassets */; };
		C75EBA3227F3751200099A18 /* Preview Assets.xcassets in Resources */ = {isa = PBXBuildFile; fileRef = C75EBA3127F3751200099A18 /* Preview Assets.xcassets */; };
		C75EBA3A27F3763700099A18 /* QueryTag.swift in Sources */ = {isa = PBXBuildFile; fileRef = C75EBA3927F3763700099A18 /* QueryTag.swift */; };
		C75EBA3C27F3770200099A18 /* VideoManager.swift in Sources */ = {isa = PBXBuildFile; fileRef = C75EBA3B27F3770200099A18 /* VideoManager.swift */; };
		C75EBA3F27F377EA00099A18 /* VideoCard.swift in Sources */ = {isa = PBXBuildFile; fileRef = C75EBA3E27F377EA00099A18 /* VideoCard.swift */; };
		C75EBA4127F37B0200099A18 /* videoData.json in Resources */ = {isa = PBXBuildFile; fileRef = C75EBA4027F37B0200099A18 /* videoData.json */; };
		C75EBA4327F37BAE00099A18 /* ModelData.swift in Sources */ = {isa = PBXBuildFile; fileRef = C75EBA4227F37BAE00099A18 /* ModelData.swift */; };
		C75EBA4527F37D4A00099A18 /* VideoView.swift in Sources */ = {isa = PBXBuildFile; fileRef = C75EBA4427F37D4A00099A18 /* VideoView.swift */; };
/* End PBXBuildFile section */

/* Begin PBXFileReference section */
		C75EBA2727F3750E00099A18 /* VideoPlayerDemo.app */ = {isa = PBXFileReference; explicitFileType = wrapper.application; includeInIndex = 0; path = VideoPlayerDemo.app; sourceTree = BUILT_PRODUCTS_DIR; };
		C75EBA2A27F3750E00099A18 /* VideoPlayerDemoApp.swift */ = {isa = PBXFileReference; lastKnownFileType = sourcecode.swift; path = VideoPlayerDemoApp.swift; sourceTree = "<group>"; };
		C75EBA2C27F3750E00099A18 /* ContentView.swift */ = {isa = PBXFileReference; lastKnownFileType = sourcecode.swift; path = ContentView.swift; sourceTree = "<group>"; };
		C75EBA2E27F3751100099A18 /* Assets.xcassets */ = {isa = PBXFileReference; lastKnownFileType = folder.assetcatalog; path = Assets.xcassets; sourceTree = "<group>"; };
		C75EBA3127F3751200099A18 /* Preview Assets.xcassets */ = {isa = PBXFileReference; lastKnownFileType = folder.assetcatalog; path = "Preview Assets.xcassets"; sourceTree = "<group>"; };
		C75EBA3927F3763700099A18 /* QueryTag.swift */ = {isa = PBXFileReference; lastKnownFileType = sourcecode.swift; path = QueryTag.swift; sourceTree = "<group>"; };
		C75EBA3B27F3770200099A18 /* VideoManager.swift */ = {isa = PBXFileReference; lastKnownFileType = sourcecode.swift; path = VideoManager.swift; sourceTree = "<group>"; };
		C75EBA3E27F377EA00099A18 /* VideoCard.swift */ = {isa = PBXFileReference; lastKnownFileType = sourcecode.swift; path = VideoCard.swift; sourceTree = "<group>"; };
		C75EBA4027F37B0200099A18 /* videoData.json */ = {isa = PBXFileReference; lastKnownFileType = text.json; path = videoData.json; sourceTree = "<group>"; };
		C75EBA4227F37BAE00099A18 /* ModelData.swift */ = {isa = PBXFileReference; lastKnownFileType = sourcecode.swift; path = ModelData.swift; sourceTree = "<group>"; };
		C75EBA4427F37D4A00099A18 /* VideoView.swift */ = {isa = PBXFileReference; lastKnownFileType = sourcecode.swift; path = VideoView.swift; sourceTree = "<group>"; };
/* End PBXFileReference section */

/* Begin PBXFrameworksBuildPhase section */
		C75EBA2427F3750E00099A18 /* Frameworks */ = {
			isa = PBXFrameworksBuildPhase;
			buildActionMask = 2147483647;
			files = (
			);
			runOnlyForDeploymentPostprocessing = 0;
		};
/* End PBXFrameworksBuildPhase section */

/* Begin PBXGroup section */
		C75EBA1E27F3750E00099A18 = {
			isa = PBXGroup;
			children = (
				C75EBA2927F3750E00099A18 /* VideoPlayerDemo */,
				C75EBA2827F3750E00099A18 /* Products */,
			);
			sourceTree = "<group>";
		};
		C75EBA2827F3750E00099A18 /* Products */ = {
			isa = PBXGroup;
			children = (
				C75EBA2727F3750E00099A18 /* VideoPlayerDemo.app */,
			);
			name = Products;
			sourceTree = "<group>";
		};
		C75EBA2927F3750E00099A18 /* VideoPlayerDemo */ = {
			isa = PBXGroup;
			children = (
				C75EBA2A27F3750E00099A18 /* VideoPlayerDemoApp.swift */,
				C75EBA3B27F3770200099A18 /* VideoManager.swift */,
				C75EBA3D27F3777D00099A18 /* Views */,
				C75EBA3827F3762900099A18 /* Components */,
				C75EBA2E27F3751100099A18 /* Assets.xcassets */,
				C75EBA3027F3751200099A18 /* Preview Content */,
			);
			path = VideoPlayerDemo;
			sourceTree = "<group>";
		};
		C75EBA3027F3751200099A18 /* Preview Content */ = {
			isa = PBXGroup;
			children = (
				C75EBA3127F3751200099A18 /* Preview Assets.xcassets */,
				C75EBA4027F37B0200099A18 /* videoData.json */,
				C75EBA4227F37BAE00099A18 /* ModelData.swift */,
			);
			path = "Preview Content";
			sourceTree = "<group>";
		};
		C75EBA3827F3762900099A18 /* Components */ = {
			isa = PBXGroup;
			children = (
				C75EBA3927F3763700099A18 /* QueryTag.swift */,
				C75EBA3E27F377EA00099A18 /* VideoCard.swift */,
			);
			path = Components;
			sourceTree = "<group>";
		};
		C75EBA3D27F3777D00099A18 /* Views */ = {
			isa = PBXGroup;
			children = (
				C75EBA2C27F3750E00099A18 /* ContentView.swift */,
				C75EBA4427F37D4A00099A18 /* VideoView.swift */,
			);
			path = Views;
			sourceTree = "<group>";
		};
/* End PBXGroup section */

/* Begin PBXNativeTarget section */
		C75EBA2627F3750E00099A18 /* VideoPlayerDemo */ = {
			isa = PBXNativeTarget;
			buildConfigurationList = C75EBA3527F3751200099A18 /* Build configuration list for PBXNativeTarget "VideoPlayerDemo" */;
			buildPhases = (
				C75EBA2327F3750E00099A18 /* Sources */,
				C75EBA2427F3750E00099A18 /* Frameworks */,
				C75EBA2527F3750E00099A18 /* Resources */,
			);
			buildRules = (
			);
			dependencies = (
			);
			name = VideoPlayerDemo;
			productName = VideoPlayerDemo;
			productReference = C75EBA2727F3750E00099A18 /* VideoPlayerDemo.app */;
			productType = "com.apple.product-type.application";
		};
/* End PBXNativeTarget section */

/* Begin PBXProject section */
		C75EBA1F27F3750E00099A18 /* Project object */ = {
			isa = PBXProject;
			attributes = {
				BuildIndependentTargetsInParallel = 1;
				LastSwiftUpdateCheck = 1330;
				LastUpgradeCheck = 1330;
				TargetAttributes = {
					C75EBA2627F3750E00099A18 = {
						CreatedOnToolsVersion = 13.3;
					};
				};
			};
			buildConfigurationList = C75EBA2227F3750E00099A18 /* Build configuration list for PBXProject "VideoPlayerDemo" */;
			compatibilityVersion = "Xcode 13.0";
			developmentRegion = en;
			hasScannedForEncodings = 0;
			knownRegions = (
				en,
				Base,
			);
			mainGroup = C75EBA1E27F3750E00099A18;
			productRefGroup = C75EBA2827F3750E00099A18 /* Products */;
			projectDirPath = "";
			projectRoot = "";
			targets = (
				C75EBA2627F3750E00099A18 /* VideoPlayerDemo */,
			);
		};
/* End PBXProject section */

/* Begin PBXResourcesBuildPhase section */
		C75EBA2527F3750E00099A18 /* Resources */ = {
			isa = PBXResourcesBuildPhase;
			buildActionMask = 2147483647;
			files = (
				C75EBA3227F3751200099A18 /* Preview Assets.xcassets in Resources */,
				C75EBA2F27F3751200099A18 /* Assets.xcassets in Resources */,
				C75EBA4127F37B0200099A18 /* videoData.json in Resources */,
			);
			runOnlyForDeploymentPostprocessing = 0;
		};
/* End PBXResourcesBuildPhase section */

/* Begin PBXSourcesBuildPhase section */
		C75EBA2327F3750E00099A18 /* Sources */ = {
			isa = PBXSourcesBuildPhase;
			buildActionMask = 2147483647;
			files = (
				C75EBA2D27F3750E00099A18 /* ContentView.swift in Sources */,
				C75EBA4527F37D4A00099A18 /* VideoView.swift in Sources */,
				C75EBA3F27F377EA00099A18 /* VideoCard.swift in Sources */,
				C75EBA3A27F3763700099A18 /* QueryTag.swift in Sources */,
				C75EBA2B27F3750E00099A18 /* VideoPlayerDemoApp.swift in Sources */,
				C75EBA3C27F3770200099A18 /* VideoManager.swift in Sources */,
				C75EBA4327F37BAE00099A18 /* ModelData.swift in Sources */,
			);
			runOnlyForDeploymentPostprocessing = 0;
		};
/* End PBXSourcesBuildPhase section */

/* Begin XCBuildConfiguration section */
		C75EBA3327F3751200099A18 /* Debug */ = {
			isa = XCBuildConfiguration;
			buildSettings = {
				ALWAYS_SEARCH_USER_PATHS = NO;
				CLANG_ANALYZER_NONNULL = YES;
				CLANG_ANALYZER_NUMBER_OBJECT_CONVERSION = YES_AGGRESSIVE;
				CLANG_CXX_LANGUAGE_STANDARD = "gnu++17";
				CLANG_ENABLE_MODULES = YES;
				CLANG_ENABLE_OBJC_ARC = YES;
				CLANG_ENABLE_OBJC_WEAK = YES;
				CLANG_WARN_BLOCK_CAPTURE_AUTORELEASING = YES;
				CLANG_WARN_BOOL_CONVERSION = YES;
				CLANG_WARN_COMMA = YES;
				CLANG_WARN_CONSTANT_CONVERSION = YES;
				CLANG_WARN_DEPRECATED_OBJC_IMPLEMENTATIONS = YES;
				CLANG_WARN_DIRECT_OBJC_ISA_USAGE = YES_ERROR;
				CLANG_WARN_DOCUMENTATION_COMMENTS = YES;
				CLANG_WARN_EMPTY_BODY = YES;
				CLANG_WARN_ENUM_CONVERSION = YES;
				CLANG_WARN_INFINITE_RECURSION = YES;
				CLANG_WARN_INT_CONVERSION = YES;
				CLANG_WARN_NON_LITERAL_NULL_CONVERSION = YES;
				CLANG_WARN_OBJC_IMPLICIT_RETAIN_SELF = YES;
				CLANG_WARN_OBJC_LITERAL_CONVERSION = YES;
				CLANG_WARN_OBJC_ROOT_CLASS = YES_ERROR;
				CLANG_WARN_QUOTED_INCLUDE_IN_FRAMEWORK_HEADER = YES;
				CLANG_WARN_RANGE_LOOP_ANALYSIS = YES;
				CLANG_WARN_STRICT_PROTOTYPES = YES;
				CLANG_WARN_SUSPICIOUS_MOVE = YES;
				CLANG_WARN_UNGUARDED_AVAILABILITY = YES_AGGRESSIVE;
				CLANG_WARN_UNREACHABLE_CODE = YES;
				CLANG_WARN__DUPLICATE_METHOD_MATCH = YES;
				COPY_PHASE_STRIP = NO;
				DEBUG_INFORMATION_FORMAT = dwarf;
				ENABLE_STRICT_OBJC_MSGSEND = YES;
				ENABLE_TESTABILITY = YES;
				GCC_C_LANGUAGE_STANDARD = gnu11;
				GCC_DYNAMIC_NO_PIC = NO;
				GCC_NO_COMMON_BLOCKS = YES;
				GCC_OPTIMIZATION_LEVEL = 0;
				GCC_PREPROCESSOR_DEFINITIONS = (
					"DEBUG=1",
					"$(inherited)",
				);
				GCC_WARN_64_TO_32_BIT_CONVERSION = YES;
				GCC_WARN_ABOUT_RETURN_TYPE = YES_ERROR;
				GCC_WARN_UNDECLARED_SELECTOR = YES;
				GCC_WARN_UNINITIALIZED_AUTOS = YES_AGGRESSIVE;
				GCC_WARN_UNUSED_FUNCTION = YES;
				GCC_WARN_UNUSED_VARIABLE = YES;
				IPHONEOS_DEPLOYMENT_TARGET = 15.4;
				MTL_ENABLE_DEBUG_INFO = INCLUDE_SOURCE;
				MTL_FAST_MATH = YES;
				ONLY_ACTIVE_ARCH = YES;
				SDKROOT = iphoneos;
				SWIFT_ACTIVE_COMPILATION_CONDITIONS = DEBUG;
				SWIFT_OPTIMIZATION_LEVEL = "-Onone";
			};
			name = Debug;
		};
		C75EBA3427F3751200099A18 /* Release */ = {
			isa = XCBuildConfiguration;
			buildSettings = {
				ALWAYS_SEARCH_USER_PATHS = NO;
				CLANG_ANALYZER_NONNULL = YES;
				CLANG_ANALYZER_NUMBER_OBJECT_CONVERSION = YES_AGGRESSIVE;
				CLANG_CXX_LANGUAGE_STANDARD = "gnu++17";
				CLANG_ENABLE_MODULES = YES;
				CLANG_ENABLE_OBJC_ARC = YES;
				CLANG_ENABLE_OBJC_WEAK = YES;
				CLANG_WARN_BLOCK_CAPTURE_AUTORELEASING = YES;
				CLANG_WARN_BOOL_CONVERSION = YES;
				CLANG_WARN_COMMA = YES;
				CLANG_WARN_CONSTANT_CONVERSION = YES;
				CLANG_WARN_DEPRECATED_OBJC_IMPLEMENTATIONS = YES;
				CLANG_WARN_DIRECT_OBJC_ISA_USAGE = YES_ERROR;
				CLANG_WARN_DOCUMENTATION_COMMENTS = YES;
				CLANG_WARN_EMPTY_BODY = YES;
				CLANG_WARN_ENUM_CONVERSION = YES;
				CLANG_WARN_INFINITE_RECURSION = YES;
				CLANG_WARN_INT_CONVERSION = YES;
				CLANG_WARN_NON_LITERAL_NULL_CONVERSION = YES;
				CLANG_WARN_OBJC_IMPLICIT_RETAIN_SELF = YES;
				CLANG_WARN_OBJC_LITERAL_CONVERSION = YES;
				CLANG_WARN_OBJC_ROOT_CLASS = YES_ERROR;
				CLANG_WARN_QUOTED_INCLUDE_IN_FRAMEWORK_HEADER = YES;
				CLANG_WARN_RANGE_LOOP_ANALYSIS = YES;
				CLANG_WARN_STRICT_PROTOTYPES = YES;
				CLANG_WARN_SUSPICIOUS_MOVE = YES;
				CLANG_WARN_UNGUARDED_AVAILABILITY = YES_AGGRESSIVE;
				CLANG_WARN_UNREACHABLE_CODE = YES;
				CLANG_WARN__DUPLICATE_METHOD_MATCH = YES;
				COPY_PHASE_STRIP = NO;
				DEBUG_INFORMATION_FORMAT = "dwarf-with-dsym";
				ENABLE_NS_ASSERTIONS = NO;
				ENABLE_STRICT_OBJC_MSGSEND = YES;
				GCC_C_LANGUAGE_STANDARD = gnu11;
				GCC_NO_COMMON_BLOCKS = YES;
				GCC_WARN_64_TO_32_BIT_CONVERSION = YES;
				GCC_WARN_ABOUT_RETURN_TYPE = YES_ERROR;
				GCC_WARN_UNDECLARED_SELECTOR = YES;
				GCC_WARN_UNINITIALIZED_AUTOS = YES_AGGRESSIVE;
				GCC_WARN_UNUSED_FUNCTION = YES;
				GCC_WARN_UNUSED_VARIABLE = YES;
				IPHONEOS_DEPLOYMENT_TARGET = 15.4;
				MTL_ENABLE_DEBUG_INFO = NO;
				MTL_FAST_MATH = YES;
				SDKROOT = iphoneos;
				SWIFT_COMPILATION_MODE = wholemodule;
				SWIFT_OPTIMIZATION_LEVEL = "-O";
				VALIDATE_PRODUCT = YES;
			};
			name = Release;
		};
		C75EBA3627F3751200099A18 /* Debug */ = {
			isa = XCBuildConfiguration;
			buildSettings = {
				ASSETCATALOG_COMPILER_APPICON_NAME = AppIcon;
				ASSETCATALOG_COMPILER_GLOBAL_ACCENT_COLOR_NAME = AccentColor;
				CODE_SIGN_STYLE = Automatic;
				CURRENT_PROJECT_VERSION = 1;
				DEVELOPMENT_ASSET_PATHS = "\"VideoPlayerDemo/Preview Content\"";
				ENABLE_PREVIEWS = YES;
				GENERATE_INFOPLIST_FILE = YES;
				INFOPLIST_KEY_UIApplicationSceneManifest_Generation = YES;
				INFOPLIST_KEY_UIApplicationSupportsIndirectInputEvents = YES;
				INFOPLIST_KEY_UILaunchScreen_Generation = YES;
				INFOPLIST_KEY_UISupportedInterfaceOrientations_iPad = "UIInterfaceOrientationPortrait UIInterfaceOrientationPortraitUpsideDown UIInterfaceOrientationLandscapeLeft UIInterfaceOrientationLandscapeRight";
				INFOPLIST_KEY_UISupportedInterfaceOrientations_iPhone = "UIInterfaceOrientationPortrait UIInterfaceOrientationLandscapeLeft UIInterfaceOrientationLandscapeRight";
				LD_RUNPATH_SEARCH_PATHS = (
					"$(inherited)",
					"@executable_path/Frameworks",
				);
				MARKETING_VERSION = 1.0;
				PRODUCT_BUNDLE_IDENTIFIER = com.vijay.VideoPlayerDemo;
				PRODUCT_NAME = "$(TARGET_NAME)";
				SWIFT_EMIT_LOC_STRINGS = YES;
				SWIFT_VERSION = 5.0;
				TARGETED_DEVICE_FAMILY = "1,2";
			};
			name = Debug;
		};
		C75EBA3727F3751200099A18 /* Release */ = {
			isa = XCBuildConfiguration;
			buildSettings = {
				ASSETCATALOG_COMPILER_APPICON_NAME = AppIcon;
				ASSETCATALOG_COMPILER_GLOBAL_ACCENT_COLOR_NAME = AccentColor;
				CODE_SIGN_STYLE = Automatic;
				CURRENT_PROJECT_VERSION = 1;
				DEVELOPMENT_ASSET_PATHS = "\"VideoPlayerDemo/Preview Content\"";
				ENABLE_PREVIEWS = YES;
				GENERATE_INFOPLIST_FILE = YES;
				INFOPLIST_KEY_UIApplicationSceneManifest_Generation = YES;
				INFOPLIST_KEY_UIApplicationSupportsIndirectInputEvents = YES;
				INFOPLIST_KEY_UILaunchScreen_Generation = YES;
				INFOPLIST_KEY_UISupportedInterfaceOrientations_iPad = "UIInterfaceOrientationPortrait UIInterfaceOrientationPortraitUpsideDown UIInterfaceOrientationLandscapeLeft UIInterfaceOrientationLandscapeRight";
				INFOPLIST_KEY_UISupportedInterfaceOrientations_iPhone = "UIInterfaceOrientationPortrait UIInterfaceOrientationLandscapeLeft UIInterfaceOrientationLandscapeRight";
				LD_RUNPATH_SEARCH_PATHS = (
					"$(inherited)",
					"@executable_path/Frameworks",
				);
				MARKETING_VERSION = 1.0;
				PRODUCT_BUNDLE_IDENTIFIER = com.vijay.VideoPlayerDemo;
				PRODUCT_NAME = "$(TARGET_NAME)";
				SWIFT_EMIT_LOC_STRINGS = YES;
				SWIFT_VERSION = 5.0;
				TARGETED_DEVICE_FAMILY = "1,2";
			};
			name = Release;
		};
/* End XCBuildConfiguration section */

/* Begin XCConfigurationList section */
		C75EBA2227F3750E00099A18 /* Build configuration list for PBXProject "VideoPlayerDemo" */ = {
			isa = XCConfigurationList;
			buildConfigurations = (
				C75EBA3327F3751200099A18 /* Debug */,
				C75EBA3427F3751200099A18 /* Release */,
			);
			defaultConfigurationIsVisible = 0;
			defaultConfigurationName = Release;
		};
		C75EBA3527F3751200099A18 /* Build configuration list for PBXNativeTarget "VideoPlayerDemo" */ = {
			isa = XCConfigurationList;
			buildConfigurations = (
				C75EBA3627F3751200099A18 /* Debug */,
				C75EBA3727F3751200099A18 /* Release */,
			);
			defaultConfigurationIsVisible = 0;
			defaultConfigurationName = Release;
		};
/* End XCConfigurationList section */
	};
	rootObject = C75EBA1F27F3750E00099A18 /* Project object */;
}
